PODS:
  - Aniways (2.4.4.2)
  - JSQMessagesViewController (6.0.0):
    - Aniways
    - JSQSystemSoundPlayer (~> 2.0.0)
  - JSQSystemSoundPlayer (2.0.0)

DEPENDENCIES:
  - Aniways
  - JSQMessagesViewController (from `https://github.com/Aniways/JSQMessagesViewController`, branch `with-aniways`)

EXTERNAL SOURCES:
  JSQMessagesViewController:
    :branch: with-aniways
    :git: https://github.com/Aniways/JSQMessagesViewController

CHECKOUT OPTIONS:
  JSQMessagesViewController:
    :commit: 382f566e63f50240222b88da0fad90249dbbf779
    :git: https://github.com/Aniways/JSQMessagesViewController

SPEC CHECKSUMS:
  Aniways: 6a01af0d4b0155507ae93ccd9e608e85cf81283b
  JSQMessagesViewController: 5a079bf8ef606c8572d8a55cef5ca70566a5d8c7
  JSQSystemSoundPlayer: c98443b1cbb3b45db09d0d3d6c2355cf78294981

COCOAPODS: 0.35.0
