PODS:
  - Aniways (2.4.0.3)
  - JSQMessagesViewController (6.0.0):
    - Aniways (~> 2)
    - JSQSystemSoundPlayer (~> 2.0.0)
  - JSQSystemSoundPlayer (2.0.0)

DEPENDENCIES:
  - Aniways
  - JSQMessagesViewController (from `https://github.com/Aniways/JSQMessagesViewController`, branch `with-aniways`)

EXTERNAL SOURCES:
  JSQMessagesViewController:
    :branch: with-aniways
    :git: https://github.com/Aniways/JSQMessagesViewController

CHECKOUT OPTIONS:
  JSQMessagesViewController:
    :commit: 94f0e7c1c0d7f0ab5c3b78437ba0ea6f3827aeea
    :git: https://github.com/Aniways/JSQMessagesViewController

SPEC CHECKSUMS:
  Aniways: 7cfc10d53a8cc43854a033d7a25be2d97f6d4b7c
  JSQMessagesViewController: d9ccef2b541f18cbbe5733565214cee87c604dcd
  JSQSystemSoundPlayer: c98443b1cbb3b45db09d0d3d6c2355cf78294981

COCOAPODS: 0.35.0
